<?xml version="1.0" encoding="UTF-8" standalone="yes" ?>
<CodeBlocks_project_file>
	<FileVersion major="1" minor="6" />
	<Project>
		<Option title="Client" />
		<Option pch_mode="2" />
		<Option compiler="gcc" />
		<Build>
			<Target title="Debug">
				<Option output="bin/Debug/Client" prefix_auto="1" extension_auto="1" />
				<Option object_output="obj/Debug/" />
				<Option type="1" />
				<Option compiler="gcc" />
				<Compiler>
					<Add option="-Wall" />
					<Add option="-g" />
					<Add directory="include" />
					<Add directory="../Server" />
					<Add directory="Client/include" />
				</Compiler>
				<Linker>
					<Add library="pthread" />
					<Add library="sfml-graphics" />
					<Add library="sfml-window" />
					<Add library="sfml-system" />
					<Add library="crypto" />
					<Add directory="../Server" />
				</Linker>
			</Target>
			<Target title="Release">
				<Option output="bin/Release/Client" prefix_auto="1" extension_auto="1" />
				<Option object_output="obj/Release/" />
				<Option type="1" />
				<Option compiler="gcc" />
				<Compiler>
					<Add option="-O2" />
					<Add directory="include" />
					<Add directory="Client/include" />
				</Compiler>
				<Linker>
					<Add option="-s" />
				</Linker>
			</Target>
		</Build>
		<Compiler>
			<Add option="-Wall" />
		</Compiler>
		<Unit filename="../Server/Defines.h" />
		<Unit filename="../Server/Serialization.c">
			<Option compilerVar="CC" />
		</Unit>
		<Unit filename="../Server/Serialization.h" />
		<Unit filename="Client.c">
			<Option compilerVar="CC" />
		</Unit>
		<Unit filename="Client.h" />
		<Unit filename="include/CreateAccountViewModel.h" />
		<Unit filename="include/LoginViewModel.h" />
		<Unit filename="include/MenuViewModel.h" />
		<Unit filename="include/ViewModel.h" />
		<Unit filename="main.cpp" />
		<Unit filename="src/CreateAccountViewModel.cpp" />
		<Unit filename="src/LoginViewModel.cpp" />
		<Unit filename="src/MenuViewModel.cpp" />
		<Unit filename="src/ViewModel.cpp" />
		<Extensions>
			<code_completion />
			<envvars />
			<debugger />
			<lib_finder disable_auto="1" />
		</Extensions>
	</Project>
</CodeBlocks_project_file>
