<?xml version="1.0" encoding="UTF-8" standalone="yes" ?>
<CodeBlocks_project_file>
	<FileVersion major="1" minor="6" />
	<Project>
		<Option title="unit_tests" />
		<Option pch_mode="2" />
		<Option compiler="gcc" />
		<Option virtualFolders="Sources/;Headers/;Headers/;Sources/;Sources/;Headers/;Sources/;Headers/;Sources/;Headers/;Sources/;Headers/;Sources/;Headers/src/;Sources/src/;" />
		<Build>
			<Target title="Debug">
				<Option output="bin/Debug/unit_tests" prefix_auto="1" extension_auto="1" />
				<Option object_output="obj/Debug/" />
				<Option type="1" />
				<Option compiler="gcc" />
				<Compiler>
					<Add option="-g" />
				</Compiler>
				<Linker>
					<Add library="pthread" />
					<Add library="libboost_system" />
					<Add library="boost_unit_test_framework" />
					<Add library="boost_filesystem" />
					<Add directory="/home/bmielcza/Desktop/git/TIN_project/Server" />
				</Linker>
			</Target>
			<Target title="Release">
				<Option output="bin/Release/unit_tests" prefix_auto="1" extension_auto="1" />
				<Option object_output="obj/Release/" />
				<Option type="1" />
				<Option compiler="gcc" />
				<Compiler>
					<Add option="-O2" />
				</Compiler>
				<Linker>
					<Add option="-s" />
				</Linker>
			</Target>
		</Build>
		<Compiler>
			<Add option="-Wall" />
			<Add option="-fexceptions" />
		</Compiler>
		<Unit filename="../AccountService.c">
			<Option compilerVar="CC" />
			<Option virtualFolder="Sources/src/" />
		</Unit>
		<Unit filename="../AccountService.h">
			<Option virtualFolder="Headers/src/" />
		</Unit>
		<Unit filename="../CommunicationService.c">
			<Option compilerVar="CC" />
		</Unit>
		<Unit filename="../CommunicationService.h" />
		<Unit filename="../Defines.h">
			<Option virtualFolder="Headers/src/" />
		</Unit>
		<Unit filename="../MenuService.c">
			<Option compilerVar="CC" />
			<Option virtualFolder="Sources/src/" />
		</Unit>
		<Unit filename="../MenuService.h">
			<Option virtualFolder="Headers/src/" />
		</Unit>
		<Unit filename="../Queue.c">
			<Option compilerVar="CC" />
		</Unit>
		<Unit filename="../Queue.h" />
		<Unit filename="../RoomService.c">
			<Option compilerVar="CC" />
			<Option virtualFolder="Sources/src/" />
		</Unit>
		<Unit filename="../RoomService.h">
			<Option virtualFolder="Headers/src/" />
		</Unit>
		<Unit filename="../Serialization.c">
			<Option compilerVar="CC" />
		</Unit>
		<Unit filename="../Serialization.h" />
		<Unit filename="../Server.c">
			<Option compilerVar="CC" />
			<Option virtualFolder="Sources/src/" />
		</Unit>
		<Unit filename="../Server.h">
			<Option virtualFolder="Headers/src/" />
		</Unit>
		<Unit filename="AccountServiceTests.cpp" />
		<Unit filename="CommunicationServiceTests.cpp" />
		<Unit filename="ManuServiceTests.cpp" />
		<Unit filename="QueueTests.cpp" />
		<Unit filename="RoomServiceTests.cpp" />
		<Unit filename="SerializationTests.cpp" />
		<Unit filename="ServerTests.cpp" />
		<Unit filename="test_main.cpp" />
		<Extensions>
			<code_completion />
			<debugger />
		</Extensions>
	</Project>
</CodeBlocks_project_file>
